
Microsoft Visual Studio Solution File, Format Version 12.00
# Visual Studio Version 17
VisualStudioVersion = 17.6.33829.357
MinimumVisualStudioVersion = 10.0.40219.1
Project("{9A19103F-16F7-4668-BE54-9A1E7A4F7556}") = "Entities", "Entities\Entities.csproj", "{9A468B64-CF7C-4546-B964-AF7D337753A8}"
EndProject
Project("{9A19103F-16F7-4668-BE54-9A1E7A4F7556}") = "DataAccess", "DataAccess\DataAccess.csproj", "{C022BE59-CBF9-41C7-950A-30002A9B57A5}"
EndProject
Project("{9A19103F-16F7-4668-BE54-9A1E7A4F7556}") = "Business", "Business\Business.csproj", "{8230F733-80A8-487A-8DDA-9F5CB91CC120}"
EndProject
Project("{9A19103F-16F7-4668-BE54-9A1E7A4F7556}") = "ConsoleUI", "ConsoleUI\ConsoleUI.csproj", "{15FE99CE-86FA-467D-A342-EE9CF2FE4B9F}"
EndProject
Project("{FAE04EC0-301F-11D3-BF4B-00C04F79EFBC}") = "Core", "Core\Core.csproj", "{50FC561E-8299-4606-894D-5BBF2CC2FF4E}"
EndProject
Global
	GlobalSection(SolutionConfigurationPlatforms) = preSolution
		Debug|Any CPU = Debug|Any CPU
		Release|Any CPU = Release|Any CPU
	EndGlobalSection
	GlobalSection(ProjectConfigurationPlatforms) = postSolution
		{9A468B64-CF7C-4546-B964-AF7D337753A8}.Debug|Any CPU.ActiveCfg = Debug|Any CPU
		{9A468B64-CF7C-4546-B964-AF7D337753A8}.Debug|Any CPU.Build.0 = Debug|Any CPU
		{9A468B64-CF7C-4546-B964-AF7D337753A8}.Release|Any CPU.ActiveCfg = Release|Any CPU
		{9A468B64-CF7C-4546-B964-AF7D337753A8}.Release|Any CPU.Build.0 = Release|Any CPU
		{C022BE59-CBF9-41C7-950A-30002A9B57A5}.Debug|Any CPU.ActiveCfg = Debug|Any CPU
		{C022BE59-CBF9-41C7-950A-30002A9B57A5}.Debug|Any CPU.Build.0 = Debug|Any CPU
		{C022BE59-CBF9-41C7-950A-30002A9B57A5}.Release|Any CPU.ActiveCfg = Release|Any CPU
		{C022BE59-CBF9-41C7-950A-30002A9B57A5}.Release|Any CPU.Build.0 = Release|Any CPU
		{8230F733-80A8-487A-8DDA-9F5CB91CC120}.Debug|Any CPU.ActiveCfg = Debug|Any CPU
		{8230F733-80A8-487A-8DDA-9F5CB91CC120}.Debug|Any CPU.Build.0 = Debug|Any CPU
		{8230F733-80A8-487A-8DDA-9F5CB91CC120}.Release|Any CPU.ActiveCfg = Release|Any CPU
		{8230F733-80A8-487A-8DDA-9F5CB91CC120}.Release|Any CPU.Build.0 = Release|Any CPU
		{15FE99CE-86FA-467D-A342-EE9CF2FE4B9F}.Debug|Any CPU.ActiveCfg = Debug|Any CPU
		{15FE99CE-86FA-467D-A342-EE9CF2FE4B9F}.Debug|Any CPU.Build.0 = Debug|Any CPU
		{15FE99CE-86FA-467D-A342-EE9CF2FE4B9F}.Release|Any CPU.ActiveCfg = Release|Any CPU
		{15FE99CE-86FA-467D-A342-EE9CF2FE4B9F}.Release|Any CPU.Build.0 = Release|Any CPU
		{50FC561E-8299-4606-894D-5BBF2CC2FF4E}.Debug|Any CPU.ActiveCfg = Debug|Any CPU
		{50FC561E-8299-4606-894D-5BBF2CC2FF4E}.Debug|Any CPU.Build.0 = Debug|Any CPU
		{50FC561E-8299-4606-894D-5BBF2CC2FF4E}.Release|Any CPU.ActiveCfg = Release|Any CPU
		{50FC561E-8299-4606-894D-5BBF2CC2FF4E}.Release|Any CPU.Build.0 = Release|Any CPU
	EndGlobalSection
	GlobalSection(SolutionProperties) = preSolution
		HideSolutionNode = FALSE
	EndGlobalSection
	GlobalSection(ExtensibilityGlobals) = postSolution
		SolutionGuid = {C8D63322-2E69-4CB4-9FCA-04FB14A7B367}
	EndGlobalSection
EndGlobal
